
Microsoft Visual Studio Solution File, Format Version 12.00
Project("{2150E333-8FDC-42A3-9474-1A3956D46DE8}") = "Core", "Core", "{237CC7BB-77A3-42D1-BA8A-D727DFCEE95F}"
EndProject
Project("{2150E333-8FDC-42A3-9474-1A3956D46DE8}") = "Infrastructure", "Infrastructure", "{E0C68B36-3F8B-47BB-ABD8-D2423D23E0C0}"
EndProject
Project("{2150E333-8FDC-42A3-9474-1A3956D46DE8}") = "Presentation", "Presentation", "{5937812C-ED64-4CD9-A968-117BF878365B}"
EndProject
Project("{FAE04EC0-301F-11D3-BF4B-00C04F79EFBC}") = "Application", "Application\Application.csproj", "{521665C8-E370-41D6-ABF7-226E06E987AB}"
EndProject
Project("{FAE04EC0-301F-11D3-BF4B-00C04F79EFBC}") = "Domain", "Domain\Domain.csproj", "{BAA42CEE-9BAD-48C9-91A7-C34B51E95CFF}"
EndProject
Project("{FAE04EC0-301F-11D3-BF4B-00C04F79EFBC}") = "Infrastrucrure", "Infrastrucrure\Infrastrucrure.csproj", "{4D385C90-F597-49D7-9D06-23BB7BC4DD5B}"
EndProject
Project("{FAE04EC0-301F-11D3-BF4B-00C04F79EFBC}") = "Persistence", "Persistence\Persistence.csproj", "{E24CA828-232E-499A-82FF-0A6A61B89630}"
EndProject
Project("{FAE04EC0-301F-11D3-BF4B-00C04F79EFBC}") = "LotusApi", "LotusApi\LotusApi.csproj", "{A9540815-02FF-4401-A264-DEFFB032F3D5}"
EndProject
Global
	GlobalSection(SolutionConfigurationPlatforms) = preSolution
		Debug|Any CPU = Debug|Any CPU
		Release|Any CPU = Release|Any CPU
	EndGlobalSection
	GlobalSection(NestedProjects) = preSolution
		{521665C8-E370-41D6-ABF7-226E06E987AB} = {237CC7BB-77A3-42D1-BA8A-D727DFCEE95F}
		{BAA42CEE-9BAD-48C9-91A7-C34B51E95CFF} = {237CC7BB-77A3-42D1-BA8A-D727DFCEE95F}
		{4D385C90-F597-49D7-9D06-23BB7BC4DD5B} = {E0C68B36-3F8B-47BB-ABD8-D2423D23E0C0}
		{E24CA828-232E-499A-82FF-0A6A61B89630} = {E0C68B36-3F8B-47BB-ABD8-D2423D23E0C0}
		{A9540815-02FF-4401-A264-DEFFB032F3D5} = {5937812C-ED64-4CD9-A968-117BF878365B}
	EndGlobalSection
	GlobalSection(ProjectConfigurationPlatforms) = postSolution
		{521665C8-E370-41D6-ABF7-226E06E987AB}.Debug|Any CPU.ActiveCfg = Debug|Any CPU
		{521665C8-E370-41D6-ABF7-226E06E987AB}.Debug|Any CPU.Build.0 = Debug|Any CPU
		{521665C8-E370-41D6-ABF7-226E06E987AB}.Release|Any CPU.ActiveCfg = Release|Any CPU
		{521665C8-E370-41D6-ABF7-226E06E987AB}.Release|Any CPU.Build.0 = Release|Any CPU
		{BAA42CEE-9BAD-48C9-91A7-C34B51E95CFF}.Debug|Any CPU.ActiveCfg = Debug|Any CPU
		{BAA42CEE-9BAD-48C9-91A7-C34B51E95CFF}.Debug|Any CPU.Build.0 = Debug|Any CPU
		{BAA42CEE-9BAD-48C9-91A7-C34B51E95CFF}.Release|Any CPU.ActiveCfg = Release|Any CPU
		{BAA42CEE-9BAD-48C9-91A7-C34B51E95CFF}.Release|Any CPU.Build.0 = Release|Any CPU
		{4D385C90-F597-49D7-9D06-23BB7BC4DD5B}.Debug|Any CPU.ActiveCfg = Debug|Any CPU
		{4D385C90-F597-49D7-9D06-23BB7BC4DD5B}.Debug|Any CPU.Build.0 = Debug|Any CPU
		{4D385C90-F597-49D7-9D06-23BB7BC4DD5B}.Release|Any CPU.ActiveCfg = Release|Any CPU
		{4D385C90-F597-49D7-9D06-23BB7BC4DD5B}.Release|Any CPU.Build.0 = Release|Any CPU
		{E24CA828-232E-499A-82FF-0A6A61B89630}.Debug|Any CPU.ActiveCfg = Debug|Any CPU
		{E24CA828-232E-499A-82FF-0A6A61B89630}.Debug|Any CPU.Build.0 = Debug|Any CPU
		{E24CA828-232E-499A-82FF-0A6A61B89630}.Release|Any CPU.ActiveCfg = Release|Any CPU
		{E24CA828-232E-499A-82FF-0A6A61B89630}.Release|Any CPU.Build.0 = Release|Any CPU
		{A9540815-02FF-4401-A264-DEFFB032F3D5}.Debug|Any CPU.ActiveCfg = Debug|Any CPU
		{A9540815-02FF-4401-A264-DEFFB032F3D5}.Debug|Any CPU.Build.0 = Debug|Any CPU
		{A9540815-02FF-4401-A264-DEFFB032F3D5}.Release|Any CPU.ActiveCfg = Release|Any CPU
		{A9540815-02FF-4401-A264-DEFFB032F3D5}.Release|Any CPU.Build.0 = Release|Any CPU
	EndGlobalSection
EndGlobal
